{
  "name": "bplang",
  "lockfileVersion": 3,
  "requires": true,
  "packages": {
    "": {
      "dependencies": {
        "coc": "^1.0.0"
      }
    },
    "node_modules/coc": {
      "version": "1.0.0",
      "resolved": "https://registry.npmjs.org/coc/-/coc-1.0.0.tgz",
      "integrity": "sha512-A+Ay3XVRw0Tv9iRHNrZ8Ysg7YIGXNLmwSXhp4aG/xG67Xq8s9k2UNdhKCCB745citAQnRrb4NEsrAmx11IdL8g=="
    }
  }
}
